<?xml version="1.0" encoding="utf-8"?>
<Project ToolsVersion="4.0" xmlns="http://schemas.microsoft.com/developer/msbuild/2003">
  <ItemGroup>
    <Filter Include="Source Files">
      <UniqueIdentifier>{4FC737F1-C7A5-4376-A066-2A32D752A2FF}</UniqueIdentifier>
      <Extensions>cpp;c;cc;cxx;def;odl;idl;hpj;bat;asm;asmx</Extensions>
    </Filter>
  </ItemGroup>
  <ItemGroup>
    <ClCompile Include="src\Source.cpp">
      <Filter>Source Files</Filter>
    </ClCompile>
    <ClCompile Include="src\OpenglBufferObjects.cpp">
      <Filter>Source Files</Filter>
    </ClCompile>
    <ClCompile Include="src\Shader.cpp">
      <Filter>Source Files</Filter>
    </ClCompile>
    <ClCompile Include="src\Geometry.cpp">
      <Filter>Source Files</Filter>
    </ClCompile>
    <ClCompile Include="src\Texture.cpp">
      <Filter>Source Files</Filter>
    </ClCompile>
    <ClCompile Include="src\TexturedQuad.cpp">
      <Filter>Source Files</Filter>
    </ClCompile>
    <ClCompile Include="src\Window.cpp">
      <Filter>Source Files</Filter>
    </ClCompile>
    <ClCompile Include="src\GameLogicInterface.cpp">
      <Filter>Source Files</Filter>
    </ClCompile>
    <ClCompile Include="src\SeeableEntity.cpp">
      <Filter>Source Files</Filter>
    </ClCompile>
    <ClCompile Include="src\Camera.cpp">
      <Filter>Source Files</Filter>
    </ClCompile>
    <ClCompile Include="src\SeeableLine.cpp">
      <Filter>Source Files</Filter>
    </ClCompile>
    <ClCompile Include="src\SeeableRectangle.cpp">
      <Filter>Source Files</Filter>
    </ClCompile>
    <ClCompile Include="src\SeeableCircle.cpp">
      <Filter>Source Files</Filter>
    </ClCompile>
    <ClCompile Include="src\BatchQuads.cpp">
      <Filter>Source Files</Filter>
    </ClCompile>
    <ClCompile Include="src\BatchLines.cpp">
      <Filter>Source Files</Filter>
    </ClCompile>
  </ItemGroup>
  <ItemGroup>
    <ClInclude Include="src\OpenglBufferObjects.h">
      <Filter>Source Files</Filter>
    </ClInclude>
    <ClInclude Include="src\Shader.h">
      <Filter>Source Files</Filter>
    </ClInclude>
    <ClInclude Include="src\Geometry.h">
      <Filter>Source Files</Filter>
    </ClInclude>
    <ClInclude Include="src\Texture.h">
      <Filter>Source Files</Filter>
    </ClInclude>
    <ClInclude Include="src\TexturedQuad.h">
      <Filter>Source Files</Filter>
    </ClInclude>
    <ClInclude Include="src\Window.h">
      <Filter>Source Files</Filter>
    </ClInclude>
    <ClInclude Include="src\GameLogicInterface.h">
      <Filter>Source Files</Filter>
    </ClInclude>
    <ClInclude Include="src\SeeableEntity.h">
      <Filter>Source Files</Filter>
    </ClInclude>
    <ClInclude Include="src\Camera.h">
      <Filter>Source Files</Filter>
    </ClInclude>
    <ClInclude Include="src\SeeableLine.h">
      <Filter>Source Files</Filter>
    </ClInclude>
    <ClInclude Include="src\SeeableRectangle.h">
      <Filter>Source Files</Filter>
    </ClInclude>
    <ClInclude Include="src\SeeableCircle.h">
      <Filter>Source Files</Filter>
    </ClInclude>
    <ClInclude Include="src\BatchQuads.h">
      <Filter>Source Files</Filter>
    </ClInclude>
    <ClInclude Include="src\BatchLines.h">
      <Filter>Source Files</Filter>
    </ClInclude>
  </ItemGroup>
</Project>